
Microsoft Visual Studio Solution File, Format Version 12.00
# Visual Studio Version 16
VisualStudioVersion = 16.0.29326.143
MinimumVisualStudioVersion = 10.0.40219.1
Project("{FAE04EC0-301F-11D3-BF4B-00C04F79EFBC}") = "XamarinAppCsharp.Android", "XamarinAppCsharp\XamarinAppCsharp.Android\XamarinAppCsharp.Android.csproj", "{46056505-14FD-44BE-B261-0F30696E5B09}"
EndProject
Project("{FAE04EC0-301F-11D3-BF4B-00C04F79EFBC}") = "XamarinAppCsharp.iOS", "XamarinAppCsharp\XamarinAppCsharp.iOS\XamarinAppCsharp.iOS.csproj", "{F29FF4DA-4FBE-495B-9385-36D09CF85A20}"
EndProject
Project("{FAE04EC0-301F-11D3-BF4B-00C04F79EFBC}") = "XamarinAppCsharp", "XamarinAppCsharp\XamarinAppCsharp\XamarinAppCsharp.csproj", "{007ECED7-325A-4AA6-85DF-35E3C0349F3B}"
EndProject
Global
	GlobalSection(SolutionConfigurationPlatforms) = preSolution
		Debug|Any CPU = Debug|Any CPU
		Debug|iPhone = Debug|iPhone
		Debug|iPhoneSimulator = Debug|iPhoneSimulator
		Release|Any CPU = Release|Any CPU
		Release|iPhone = Release|iPhone
		Release|iPhoneSimulator = Release|iPhoneSimulator
	EndGlobalSection
	GlobalSection(ProjectConfigurationPlatforms) = postSolution
		{46056505-14FD-44BE-B261-0F30696E5B09}.Debug|Any CPU.ActiveCfg = Debug|Any CPU
		{46056505-14FD-44BE-B261-0F30696E5B09}.Debug|Any CPU.Build.0 = Debug|Any CPU
		{46056505-14FD-44BE-B261-0F30696E5B09}.Debug|Any CPU.Deploy.0 = Debug|Any CPU
		{46056505-14FD-44BE-B261-0F30696E5B09}.Debug|iPhone.ActiveCfg = Debug|Any CPU
		{46056505-14FD-44BE-B261-0F30696E5B09}.Debug|iPhone.Build.0 = Debug|Any CPU
		{46056505-14FD-44BE-B261-0F30696E5B09}.Debug|iPhone.Deploy.0 = Debug|Any CPU
		{46056505-14FD-44BE-B261-0F30696E5B09}.Debug|iPhoneSimulator.ActiveCfg = Debug|Any CPU
		{46056505-14FD-44BE-B261-0F30696E5B09}.Debug|iPhoneSimulator.Build.0 = Debug|Any CPU
		{46056505-14FD-44BE-B261-0F30696E5B09}.Debug|iPhoneSimulator.Deploy.0 = Debug|Any CPU
		{46056505-14FD-44BE-B261-0F30696E5B09}.Release|Any CPU.ActiveCfg = Release|Any CPU
		{46056505-14FD-44BE-B261-0F30696E5B09}.Release|Any CPU.Build.0 = Release|Any CPU
		{46056505-14FD-44BE-B261-0F30696E5B09}.Release|Any CPU.Deploy.0 = Release|Any CPU
		{46056505-14FD-44BE-B261-0F30696E5B09}.Release|iPhone.ActiveCfg = Release|Any CPU
		{46056505-14FD-44BE-B261-0F30696E5B09}.Release|iPhone.Build.0 = Release|Any CPU
		{46056505-14FD-44BE-B261-0F30696E5B09}.Release|iPhone.Deploy.0 = Release|Any CPU
		{46056505-14FD-44BE-B261-0F30696E5B09}.Release|iPhoneSimulator.ActiveCfg = Release|Any CPU
		{46056505-14FD-44BE-B261-0F30696E5B09}.Release|iPhoneSimulator.Build.0 = Release|Any CPU
		{46056505-14FD-44BE-B261-0F30696E5B09}.Release|iPhoneSimulator.Deploy.0 = Release|Any CPU
		{F29FF4DA-4FBE-495B-9385-36D09CF85A20}.Debug|Any CPU.ActiveCfg = Debug|iPhoneSimulator
		{F29FF4DA-4FBE-495B-9385-36D09CF85A20}.Debug|Any CPU.Build.0 = Debug|iPhoneSimulator
		{F29FF4DA-4FBE-495B-9385-36D09CF85A20}.Debug|Any CPU.Deploy.0 = Debug|iPhoneSimulator
		{F29FF4DA-4FBE-495B-9385-36D09CF85A20}.Debug|iPhone.ActiveCfg = Debug|iPhone
		{F29FF4DA-4FBE-495B-9385-36D09CF85A20}.Debug|iPhone.Build.0 = Debug|iPhone
		{F29FF4DA-4FBE-495B-9385-36D09CF85A20}.Debug|iPhone.Deploy.0 = Debug|iPhone
		{F29FF4DA-4FBE-495B-9385-36D09CF85A20}.Debug|iPhoneSimulator.ActiveCfg = Debug|iPhoneSimulator
		{F29FF4DA-4FBE-495B-9385-36D09CF85A20}.Debug|iPhoneSimulator.Build.0 = Debug|iPhoneSimulator
		{F29FF4DA-4FBE-495B-9385-36D09CF85A20}.Debug|iPhoneSimulator.Deploy.0 = Debug|iPhoneSimulator
		{F29FF4DA-4FBE-495B-9385-36D09CF85A20}.Release|Any CPU.ActiveCfg = Release|iPhone
		{F29FF4DA-4FBE-495B-9385-36D09CF85A20}.Release|Any CPU.Build.0 = Release|iPhone
		{F29FF4DA-4FBE-495B-9385-36D09CF85A20}.Release|Any CPU.Deploy.0 = Release|iPhone
		{F29FF4DA-4FBE-495B-9385-36D09CF85A20}.Release|iPhone.ActiveCfg = Release|iPhone
		{F29FF4DA-4FBE-495B-9385-36D09CF85A20}.Release|iPhone.Build.0 = Release|iPhone
		{F29FF4DA-4FBE-495B-9385-36D09CF85A20}.Release|iPhone.Deploy.0 = Release|iPhone
		{F29FF4DA-4FBE-495B-9385-36D09CF85A20}.Release|iPhoneSimulator.ActiveCfg = Release|iPhoneSimulator
		{F29FF4DA-4FBE-495B-9385-36D09CF85A20}.Release|iPhoneSimulator.Build.0 = Release|iPhoneSimulator
		{F29FF4DA-4FBE-495B-9385-36D09CF85A20}.Release|iPhoneSimulator.Deploy.0 = Release|iPhoneSimulator
		{007ECED7-325A-4AA6-85DF-35E3C0349F3B}.Debug|Any CPU.ActiveCfg = Debug|Any CPU
		{007ECED7-325A-4AA6-85DF-35E3C0349F3B}.Debug|Any CPU.Build.0 = Debug|Any CPU
		{007ECED7-325A-4AA6-85DF-35E3C0349F3B}.Debug|Any CPU.Deploy.0 = Debug|Any CPU
		{007ECED7-325A-4AA6-85DF-35E3C0349F3B}.Debug|iPhone.ActiveCfg = Debug|Any CPU
		{007ECED7-325A-4AA6-85DF-35E3C0349F3B}.Debug|iPhone.Build.0 = Debug|Any CPU
		{007ECED7-325A-4AA6-85DF-35E3C0349F3B}.Debug|iPhone.Deploy.0 = Debug|Any CPU
		{007ECED7-325A-4AA6-85DF-35E3C0349F3B}.Debug|iPhoneSimulator.ActiveCfg = Debug|Any CPU
		{007ECED7-325A-4AA6-85DF-35E3C0349F3B}.Debug|iPhoneSimulator.Build.0 = Debug|Any CPU
		{007ECED7-325A-4AA6-85DF-35E3C0349F3B}.Debug|iPhoneSimulator.Deploy.0 = Debug|Any CPU
		{007ECED7-325A-4AA6-85DF-35E3C0349F3B}.Release|Any CPU.ActiveCfg = Release|Any CPU
		{007ECED7-325A-4AA6-85DF-35E3C0349F3B}.Release|Any CPU.Build.0 = Release|Any CPU
		{007ECED7-325A-4AA6-85DF-35E3C0349F3B}.Release|Any CPU.Deploy.0 = Release|Any CPU
		{007ECED7-325A-4AA6-85DF-35E3C0349F3B}.Release|iPhone.ActiveCfg = Release|Any CPU
		{007ECED7-325A-4AA6-85DF-35E3C0349F3B}.Release|iPhone.Build.0 = Release|Any CPU
		{007ECED7-325A-4AA6-85DF-35E3C0349F3B}.Release|iPhone.Deploy.0 = Release|Any CPU
		{007ECED7-325A-4AA6-85DF-35E3C0349F3B}.Release|iPhoneSimulator.ActiveCfg = Release|Any CPU
		{007ECED7-325A-4AA6-85DF-35E3C0349F3B}.Release|iPhoneSimulator.Build.0 = Release|Any CPU
		{007ECED7-325A-4AA6-85DF-35E3C0349F3B}.Release|iPhoneSimulator.Deploy.0 = Release|Any CPU
	EndGlobalSection
	GlobalSection(SolutionProperties) = preSolution
		HideSolutionNode = FALSE
	EndGlobalSection
	GlobalSection(ExtensibilityGlobals) = postSolution
		SolutionGuid = {52DAED2C-0A9B-4041-A8C8-97DE547BB2D4}
	EndGlobalSection
EndGlobal
